
Microsoft Visual Studio Solution File, Format Version 12.00
# Visual Studio Version 17
VisualStudioVersion = 17.8.34330.188
MinimumVisualStudioVersion = 10.0.40219.1
Project("{888888A0-9F3D-457C-B088-3A5042F75D52}") = "Lesson №6. Task № 3", "Lesson №6. Task № 3.pyproj", "{1695741A-930C-41CF-AAC6-6AF95872220C}"
EndProject
Global
	GlobalSection(SolutionConfigurationPlatforms) = preSolution
		Debug|Any CPU = Debug|Any CPU
		Release|Any CPU = Release|Any CPU
	EndGlobalSection
	GlobalSection(ProjectConfigurationPlatforms) = postSolution
		{1695741A-930C-41CF-AAC6-6AF95872220C}.Debug|Any CPU.ActiveCfg = Debug|Any CPU
		{1695741A-930C-41CF-AAC6-6AF95872220C}.Release|Any CPU.ActiveCfg = Release|Any CPU
	EndGlobalSection
	GlobalSection(SolutionProperties) = preSolution
		HideSolutionNode = FALSE
	EndGlobalSection
	GlobalSection(ExtensibilityGlobals) = postSolution
		SolutionGuid = {D64E4C50-3116-4EC9-8994-5440EBD25FE1}
	EndGlobalSection
EndGlobal
